
Microsoft Visual Studio Solution File, Format Version 12.00
# Visual Studio Version 17
VisualStudioVersion = 17.7.34031.279
MinimumVisualStudioVersion = 10.0.40219.1
Project("{FAE04EC0-301F-11D3-BF4B-00C04F79EFBC}") = "HW 10-1", "Module10\HW 10-1.csproj", "{B8591F40-28DD-4868-841E-EBCB7923A06C}"
EndProject
Project("{FAE04EC0-301F-11D3-BF4B-00C04F79EFBC}") = "HW 10-2", "HW 10-2\HW 10-2.csproj", "{775E4155-BD6B-4896-A3EE-3C8603418AF0}"
EndProject
Global
	GlobalSection(SolutionConfigurationPlatforms) = preSolution
		Debug|Any CPU = Debug|Any CPU
		Release|Any CPU = Release|Any CPU
	EndGlobalSection
	GlobalSection(ProjectConfigurationPlatforms) = postSolution
		{B8591F40-28DD-4868-841E-EBCB7923A06C}.Debug|Any CPU.ActiveCfg = Debug|Any CPU
		{B8591F40-28DD-4868-841E-EBCB7923A06C}.Debug|Any CPU.Build.0 = Debug|Any CPU
		{B8591F40-28DD-4868-841E-EBCB7923A06C}.Release|Any CPU.ActiveCfg = Release|Any CPU
		{B8591F40-28DD-4868-841E-EBCB7923A06C}.Release|Any CPU.Build.0 = Release|Any CPU
		{775E4155-BD6B-4896-A3EE-3C8603418AF0}.Debug|Any CPU.ActiveCfg = Debug|Any CPU
		{775E4155-BD6B-4896-A3EE-3C8603418AF0}.Debug|Any CPU.Build.0 = Debug|Any CPU
		{775E4155-BD6B-4896-A3EE-3C8603418AF0}.Release|Any CPU.ActiveCfg = Release|Any CPU
		{775E4155-BD6B-4896-A3EE-3C8603418AF0}.Release|Any CPU.Build.0 = Release|Any CPU
	EndGlobalSection
	GlobalSection(SolutionProperties) = preSolution
		HideSolutionNode = FALSE
	EndGlobalSection
	GlobalSection(ExtensibilityGlobals) = postSolution
		SolutionGuid = {15297374-1D6C-4959-8A4A-AE608E94A97A}
	EndGlobalSection
EndGlobal
